
Microsoft Visual Studio Solution File, Format Version 11.00
# Visual Studio 2010
Project("{FAE04EC0-301F-11D3-BF4B-00C04F79EFBC}") = "JumbleGame", "JumbleGame\JumbleGame.csproj", "{EBF349F1-3B67-4513-AB41-C50578C4FF06}"
EndProject
Global
	GlobalSection(SolutionConfigurationPlatforms) = preSolution
		Debug|x86 = Debug|x86
		Release|x86 = Release|x86
	EndGlobalSection
	GlobalSection(ProjectConfigurationPlatforms) = postSolution
		{EBF349F1-3B67-4513-AB41-C50578C4FF06}.Debug|x86.ActiveCfg = Debug|x86
		{EBF349F1-3B67-4513-AB41-C50578C4FF06}.Debug|x86.Build.0 = Debug|x86
		{EBF349F1-3B67-4513-AB41-C50578C4FF06}.Release|x86.ActiveCfg = Release|x86
		{EBF349F1-3B67-4513-AB41-C50578C4FF06}.Release|x86.Build.0 = Release|x86
	EndGlobalSection
	GlobalSection(MonoDevelopProperties) = preSolution
		StartupItem = JumbleGame\JumbleGame.csproj
	EndGlobalSection
EndGlobal
